// !$*UTF8*$!
{
	archiveVersion = 1;
	classes = {
	};
	objectVersion = 56;
	objects = {

/* Begin PBXBuildFile section */
		801DB2C32B2A11AC0089EF5E /* StanApp.swift in Sources */ = {isa = PBXBuildFile; fileRef = 801DB2C22B2A11AC0089EF5E /* StanApp.swift */; };
		801DB2C72B2A11B10089EF5E /* Assets.xcassets in Resources */ = {isa = PBXBuildFile; fileRef = 801DB2C62B2A11B10089EF5E /* Assets.xcassets */; };
		801DB2CF2B2A11B10089EF5E /* Stan.xcdatamodeld in Sources */ = {isa = PBXBuildFile; fileRef = 801DB2CD2B2A11B10089EF5E /* Stan.xcdatamodeld */; };
		801DB2D92B2A11B10089EF5E /* StanTests.swift in Sources */ = {isa = PBXBuildFile; fileRef = 801DB2D82B2A11B10089EF5E /* StanTests.swift */; };
		801DB2E32B2A11B10089EF5E /* StanUITests.swift in Sources */ = {isa = PBXBuildFile; fileRef = 801DB2E22B2A11B10089EF5E /* StanUITests.swift */; };
		801DB2E52B2A11B10089EF5E /* StanUITestsLaunchTests.swift in Sources */ = {isa = PBXBuildFile; fileRef = 801DB2E42B2A11B10089EF5E /* StanUITestsLaunchTests.swift */; };
		801DB2F72B2A19720089EF5E /* ModelStore.swift in Sources */ = {isa = PBXBuildFile; fileRef = 801DB2F62B2A19720089EF5E /* ModelStore.swift */; };
		801DB3062B2A2C410089EF5E /* DashboardView.swift in Sources */ = {isa = PBXBuildFile; fileRef = 801DB3052B2A2C410089EF5E /* DashboardView.swift */; };
		801DB3082B2A399C0089EF5E /* AddEntryView.swift in Sources */ = {isa = PBXBuildFile; fileRef = 801DB3072B2A399C0089EF5E /* AddEntryView.swift */; };
		801DB30A2B2A5D860089EF5E /* TransactionAPI.swift in Sources */ = {isa = PBXBuildFile; fileRef = 801DB3092B2A5D860089EF5E /* TransactionAPI.swift */; };
		801DB30C2B2A5EB40089EF5E /* Transaction.swift in Sources */ = {isa = PBXBuildFile; fileRef = 801DB30B2B2A5EB40089EF5E /* Transaction.swift */; };
		801DB30E2B2AE28D0089EF5E /* CalendarView.swift in Sources */ = {isa = PBXBuildFile; fileRef = 801DB30D2B2AE28D0089EF5E /* CalendarView.swift */; };
		801DB3102B2AEC4C0089EF5E /* Navigation.swift in Sources */ = {isa = PBXBuildFile; fileRef = 801DB30F2B2AEC4C0089EF5E /* Navigation.swift */; };
/* End PBXBuildFile section */

/* Begin PBXContainerItemProxy section */
		801DB2D52B2A11B10089EF5E /* PBXContainerItemProxy */ = {
			isa = PBXContainerItemProxy;
			containerPortal = 801DB2B72B2A11AC0089EF5E /* Project object */;
			proxyType = 1;
			remoteGlobalIDString = 801DB2BE2B2A11AC0089EF5E;
			remoteInfo = Stan;
		};
		801DB2DF2B2A11B10089EF5E /* PBXContainerItemProxy */ = {
			isa = PBXContainerItemProxy;
			containerPortal = 801DB2B72B2A11AC0089EF5E /* Project object */;
			proxyType = 1;
			remoteGlobalIDString = 801DB2BE2B2A11AC0089EF5E;
			remoteInfo = Stan;
		};
/* End PBXContainerItemProxy section */

/* Begin PBXFileReference section */
		801DB2BF2B2A11AC0089EF5E /* Stan.app */ = {isa = PBXFileReference; explicitFileType = wrapper.application; includeInIndex = 0; path = Stan.app; sourceTree = BUILT_PRODUCTS_DIR; };
		801DB2C22B2A11AC0089EF5E /* StanApp.swift */ = {isa = PBXFileReference; lastKnownFileType = sourcecode.swift; path = StanApp.swift; sourceTree = "<group>"; };
		801DB2C62B2A11B10089EF5E /* Assets.xcassets */ = {isa = PBXFileReference; lastKnownFileType = folder.assetcatalog; path = Assets.xcassets; sourceTree = "<group>"; };
		801DB2CE2B2A11B10089EF5E /* Stan.xcdatamodel */ = {isa = PBXFileReference; lastKnownFileType = wrapper.xcdatamodel; path = Stan.xcdatamodel; sourceTree = "<group>"; };
		801DB2D42B2A11B10089EF5E /* StanTests.xctest */ = {isa = PBXFileReference; explicitFileType = wrapper.cfbundle; includeInIndex = 0; path = StanTests.xctest; sourceTree = BUILT_PRODUCTS_DIR; };
		801DB2D82B2A11B10089EF5E /* StanTests.swift */ = {isa = PBXFileReference; lastKnownFileType = sourcecode.swift; path = StanTests.swift; sourceTree = "<group>"; };
		801DB2DE2B2A11B10089EF5E /* StanUITests.xctest */ = {isa = PBXFileReference; explicitFileType = wrapper.cfbundle; includeInIndex = 0; path = StanUITests.xctest; sourceTree = BUILT_PRODUCTS_DIR; };
		801DB2E22B2A11B10089EF5E /* StanUITests.swift */ = {isa = PBXFileReference; lastKnownFileType = sourcecode.swift; path = StanUITests.swift; sourceTree = "<group>"; };
		801DB2E42B2A11B10089EF5E /* StanUITestsLaunchTests.swift */ = {isa = PBXFileReference; lastKnownFileType = sourcecode.swift; path = StanUITestsLaunchTests.swift; sourceTree = "<group>"; };
		801DB2F62B2A19720089EF5E /* ModelStore.swift */ = {isa = PBXFileReference; lastKnownFileType = sourcecode.swift; path = ModelStore.swift; sourceTree = "<group>"; };
		801DB3052B2A2C410089EF5E /* DashboardView.swift */ = {isa = PBXFileReference; lastKnownFileType = sourcecode.swift; path = DashboardView.swift; sourceTree = "<group>"; };
		801DB3072B2A399C0089EF5E /* AddEntryView.swift */ = {isa = PBXFileReference; lastKnownFileType = sourcecode.swift; path = AddEntryView.swift; sourceTree = "<group>"; };
		801DB3092B2A5D860089EF5E /* TransactionAPI.swift */ = {isa = PBXFileReference; lastKnownFileType = sourcecode.swift; path = TransactionAPI.swift; sourceTree = "<group>"; };
		801DB30B2B2A5EB40089EF5E /* Transaction.swift */ = {isa = PBXFileReference; lastKnownFileType = sourcecode.swift; path = Transaction.swift; sourceTree = "<group>"; };
		801DB30D2B2AE28D0089EF5E /* CalendarView.swift */ = {isa = PBXFileReference; lastKnownFileType = sourcecode.swift; path = CalendarView.swift; sourceTree = "<group>"; };
		801DB30F2B2AEC4C0089EF5E /* Navigation.swift */ = {isa = PBXFileReference; lastKnownFileType = sourcecode.swift; path = Navigation.swift; sourceTree = "<group>"; };
/* End PBXFileReference section */

/* Begin PBXFrameworksBuildPhase section */
		801DB2BC2B2A11AC0089EF5E /* Frameworks */ = {
			isa = PBXFrameworksBuildPhase;
			buildActionMask = 2147483647;
			files = (
			);
			runOnlyForDeploymentPostprocessing = 0;
		};
		801DB2D12B2A11B10089EF5E /* Frameworks */ = {
			isa = PBXFrameworksBuildPhase;
			buildActionMask = 2147483647;
			files = (
			);
			runOnlyForDeploymentPostprocessing = 0;
		};
		801DB2DB2B2A11B10089EF5E /* Frameworks */ = {
			isa = PBXFrameworksBuildPhase;
			buildActionMask = 2147483647;
			files = (
			);
			runOnlyForDeploymentPostprocessing = 0;
		};
/* End PBXFrameworksBuildPhase section */

/* Begin PBXGroup section */
		801DB2B62B2A11AC0089EF5E = {
			isa = PBXGroup;
			children = (
				801DB2C12B2A11AC0089EF5E /* Stan */,
				801DB2D72B2A11B10089EF5E /* StanTests */,
				801DB2E12B2A11B10089EF5E /* StanUITests */,
				801DB2C02B2A11AC0089EF5E /* Products */,
			);
			sourceTree = "<group>";
		};
		801DB2C02B2A11AC0089EF5E /* Products */ = {
			isa = PBXGroup;
			children = (
				801DB2BF2B2A11AC0089EF5E /* Stan.app */,
				801DB2D42B2A11B10089EF5E /* StanTests.xctest */,
				801DB2DE2B2A11B10089EF5E /* StanUITests.xctest */,
			);
			name = Products;
			sourceTree = "<group>";
		};
		801DB2C12B2A11AC0089EF5E /* Stan */ = {
			isa = PBXGroup;
			children = (
				801DB2C62B2A11B10089EF5E /* Assets.xcassets */,
				801DB2C22B2A11AC0089EF5E /* StanApp.swift */,
				801DB2CD2B2A11B10089EF5E /* Stan.xcdatamodeld */,
				801DB2F42B2A174F0089EF5E /* Models */,
				801DB2F52B2A17570089EF5E /* Views */,
			);
			path = Stan;
			sourceTree = "<group>";
		};
		801DB2D72B2A11B10089EF5E /* StanTests */ = {
			isa = PBXGroup;
			children = (
				801DB2D82B2A11B10089EF5E /* StanTests.swift */,
			);
			path = StanTests;
			sourceTree = "<group>";
		};
		801DB2E12B2A11B10089EF5E /* StanUITests */ = {
			isa = PBXGroup;
			children = (
				801DB2E22B2A11B10089EF5E /* StanUITests.swift */,
				801DB2E42B2A11B10089EF5E /* StanUITestsLaunchTests.swift */,
			);
			path = StanUITests;
			sourceTree = "<group>";
		};
		801DB2F42B2A174F0089EF5E /* Models */ = {
			isa = PBXGroup;
			children = (
				801DB30B2B2A5EB40089EF5E /* Transaction.swift */,
				801DB3092B2A5D860089EF5E /* TransactionAPI.swift */,
				801DB2F62B2A19720089EF5E /* ModelStore.swift */,
				801DB30F2B2AEC4C0089EF5E /* Navigation.swift */,
			);
			path = Models;
			sourceTree = "<group>";
		};
		801DB2F52B2A17570089EF5E /* Views */ = {
			isa = PBXGroup;
			children = (
				801DB3052B2A2C410089EF5E /* DashboardView.swift */,
				801DB30D2B2AE28D0089EF5E /* CalendarView.swift */,
				801DB3072B2A399C0089EF5E /* AddEntryView.swift */,
			);
			path = Views;
			sourceTree = "<group>";
		};
/* End PBXGroup section */

/* Begin PBXNativeTarget section */
		801DB2BE2B2A11AC0089EF5E /* Stan */ = {
			isa = PBXNativeTarget;
			buildConfigurationList = 801DB2E82B2A11B10089EF5E /* Build configuration list for PBXNativeTarget "Stan" */;
			buildPhases = (
				801DB2BB2B2A11AC0089EF5E /* Sources */,
				801DB2BC2B2A11AC0089EF5E /* Frameworks */,
				801DB2BD2B2A11AC0089EF5E /* Resources */,
			);
			buildRules = (
			);
			dependencies = (
			);
			name = Stan;
			productName = Stan;
			productReference = 801DB2BF2B2A11AC0089EF5E /* Stan.app */;
			productType = "com.apple.product-type.application";
		};
		801DB2D32B2A11B10089EF5E /* StanTests */ = {
			isa = PBXNativeTarget;
			buildConfigurationList = 801DB2EB2B2A11B10089EF5E /* Build configuration list for PBXNativeTarget "StanTests" */;
			buildPhases = (
				801DB2D02B2A11B10089EF5E /* Sources */,
				801DB2D12B2A11B10089EF5E /* Frameworks */,
				801DB2D22B2A11B10089EF5E /* Resources */,
			);
			buildRules = (
			);
			dependencies = (
				801DB2D62B2A11B10089EF5E /* PBXTargetDependency */,
			);
			name = StanTests;
			productName = StanTests;
			productReference = 801DB2D42B2A11B10089EF5E /* StanTests.xctest */;
			productType = "com.apple.product-type.bundle.unit-test";
		};
		801DB2DD2B2A11B10089EF5E /* StanUITests */ = {
			isa = PBXNativeTarget;
			buildConfigurationList = 801DB2EE2B2A11B10089EF5E /* Build configuration list for PBXNativeTarget "StanUITests" */;
			buildPhases = (
				801DB2DA2B2A11B10089EF5E /* Sources */,
				801DB2DB2B2A11B10089EF5E /* Frameworks */,
				801DB2DC2B2A11B10089EF5E /* Resources */,
			);
			buildRules = (
			);
			dependencies = (
				801DB2E02B2A11B10089EF5E /* PBXTargetDependency */,
			);
			name = StanUITests;
			productName = StanUITests;
			productReference = 801DB2DE2B2A11B10089EF5E /* StanUITests.xctest */;
			productType = "com.apple.product-type.bundle.ui-testing";
		};
/* End PBXNativeTarget section */

/* Begin PBXProject section */
		801DB2B72B2A11AC0089EF5E /* Project object */ = {
			isa = PBXProject;
			attributes = {
				BuildIndependentTargetsInParallel = 1;
				LastSwiftUpdateCheck = 1420;
				LastUpgradeCheck = 1420;
				TargetAttributes = {
					801DB2BE2B2A11AC0089EF5E = {
						CreatedOnToolsVersion = 14.2;
					};
					801DB2D32B2A11B10089EF5E = {
						CreatedOnToolsVersion = 14.2;
						TestTargetID = 801DB2BE2B2A11AC0089EF5E;
					};
					801DB2DD2B2A11B10089EF5E = {
						CreatedOnToolsVersion = 14.2;
						TestTargetID = 801DB2BE2B2A11AC0089EF5E;
					};
				};
			};
			buildConfigurationList = 801DB2BA2B2A11AC0089EF5E /* Build configuration list for PBXProject "Stan" */;
			compatibilityVersion = "Xcode 14.0";
			developmentRegion = en;
			hasScannedForEncodings = 0;
			knownRegions = (
				en,
				Base,
			);
			mainGroup = 801DB2B62B2A11AC0089EF5E;
			productRefGroup = 801DB2C02B2A11AC0089EF5E /* Products */;
			projectDirPath = "";
			projectRoot = "";
			targets = (
				801DB2BE2B2A11AC0089EF5E /* Stan */,
				801DB2D32B2A11B10089EF5E /* StanTests */,
				801DB2DD2B2A11B10089EF5E /* StanUITests */,
			);
		};
/* End PBXProject section */

/* Begin PBXResourcesBuildPhase section */
		801DB2BD2B2A11AC0089EF5E /* Resources */ = {
			isa = PBXResourcesBuildPhase;
			buildActionMask = 2147483647;
			files = (
				801DB2C72B2A11B10089EF5E /* Assets.xcassets in Resources */,
			);
			runOnlyForDeploymentPostprocessing = 0;
		};
		801DB2D22B2A11B10089EF5E /* Resources */ = {
			isa = PBXResourcesBuildPhase;
			buildActionMask = 2147483647;
			files = (
			);
			runOnlyForDeploymentPostprocessing = 0;
		};
		801DB2DC2B2A11B10089EF5E /* Resources */ = {
			isa = PBXResourcesBuildPhase;
			buildActionMask = 2147483647;
			files = (
			);
			runOnlyForDeploymentPostprocessing = 0;
		};
/* End PBXResourcesBuildPhase section */

/* Begin PBXSourcesBuildPhase section */
		801DB2BB2B2A11AC0089EF5E /* Sources */ = {
			isa = PBXSourcesBuildPhase;
			buildActionMask = 2147483647;
			files = (
				801DB30C2B2A5EB40089EF5E /* Transaction.swift in Sources */,
				801DB2F72B2A19720089EF5E /* ModelStore.swift in Sources */,
				801DB2C32B2A11AC0089EF5E /* StanApp.swift in Sources */,
				801DB2CF2B2A11B10089EF5E /* Stan.xcdatamodeld in Sources */,
				801DB30E2B2AE28D0089EF5E /* CalendarView.swift in Sources */,
				801DB3082B2A399C0089EF5E /* AddEntryView.swift in Sources */,
				801DB3062B2A2C410089EF5E /* DashboardView.swift in Sources */,
				801DB3102B2AEC4C0089EF5E /* Navigation.swift in Sources */,
				801DB30A2B2A5D860089EF5E /* TransactionAPI.swift in Sources */,
			);
			runOnlyForDeploymentPostprocessing = 0;
		};
		801DB2D02B2A11B10089EF5E /* Sources */ = {
			isa = PBXSourcesBuildPhase;
			buildActionMask = 2147483647;
			files = (
				801DB2D92B2A11B10089EF5E /* StanTests.swift in Sources */,
			);
			runOnlyForDeploymentPostprocessing = 0;
		};
		801DB2DA2B2A11B10089EF5E /* Sources */ = {
			isa = PBXSourcesBuildPhase;
			buildActionMask = 2147483647;
			files = (
				801DB2E52B2A11B10089EF5E /* StanUITestsLaunchTests.swift in Sources */,
				801DB2E32B2A11B10089EF5E /* StanUITests.swift in Sources */,
			);
			runOnlyForDeploymentPostprocessing = 0;
		};
/* End PBXSourcesBuildPhase section */

/* Begin PBXTargetDependency section */
		801DB2D62B2A11B10089EF5E /* PBXTargetDependency */ = {
			isa = PBXTargetDependency;
			target = 801DB2BE2B2A11AC0089EF5E /* Stan */;
			targetProxy = 801DB2D52B2A11B10089EF5E /* PBXContainerItemProxy */;
		};
		801DB2E02B2A11B10089EF5E /* PBXTargetDependency */ = {
			isa = PBXTargetDependency;
			target = 801DB2BE2B2A11AC0089EF5E /* Stan */;
			targetProxy = 801DB2DF2B2A11B10089EF5E /* PBXContainerItemProxy */;
		};
/* End PBXTargetDependency section */

/* Begin XCBuildConfiguration section */
		801DB2E62B2A11B10089EF5E /* Debug */ = {
			isa = XCBuildConfiguration;
			buildSettings = {
				ALWAYS_SEARCH_USER_PATHS = NO;
				CLANG_ANALYZER_NONNULL = YES;
				CLANG_ANALYZER_NUMBER_OBJECT_CONVERSION = YES_AGGRESSIVE;
				CLANG_CXX_LANGUAGE_STANDARD = "gnu++20";
				CLANG_ENABLE_MODULES = YES;
				CLANG_ENABLE_OBJC_ARC = YES;
				CLANG_ENABLE_OBJC_WEAK = YES;
				CLANG_WARN_BLOCK_CAPTURE_AUTORELEASING = YES;
				CLANG_WARN_BOOL_CONVERSION = YES;
				CLANG_WARN_COMMA = YES;
				CLANG_WARN_CONSTANT_CONVERSION = YES;
				CLANG_WARN_DEPRECATED_OBJC_IMPLEMENTATIONS = YES;
				CLANG_WARN_DIRECT_OBJC_ISA_USAGE = YES_ERROR;
				CLANG_WARN_DOCUMENTATION_COMMENTS = YES;
				CLANG_WARN_EMPTY_BODY = YES;
				CLANG_WARN_ENUM_CONVERSION = YES;
				CLANG_WARN_INFINITE_RECURSION = YES;
				CLANG_WARN_INT_CONVERSION = YES;
				CLANG_WARN_NON_LITERAL_NULL_CONVERSION = YES;
				CLANG_WARN_OBJC_IMPLICIT_RETAIN_SELF = YES;
				CLANG_WARN_OBJC_LITERAL_CONVERSION = YES;
				CLANG_WARN_OBJC_ROOT_CLASS = YES_ERROR;
				CLANG_WARN_QUOTED_INCLUDE_IN_FRAMEWORK_HEADER = YES;
				CLANG_WARN_RANGE_LOOP_ANALYSIS = YES;
				CLANG_WARN_STRICT_PROTOTYPES = YES;
				CLANG_WARN_SUSPICIOUS_MOVE = YES;
				CLANG_WARN_UNGUARDED_AVAILABILITY = YES_AGGRESSIVE;
				CLANG_WARN_UNREACHABLE_CODE = YES;
				CLANG_WARN__DUPLICATE_METHOD_MATCH = YES;
				COPY_PHASE_STRIP = NO;
				DEBUG_INFORMATION_FORMAT = dwarf;
				ENABLE_STRICT_OBJC_MSGSEND = YES;
				ENABLE_TESTABILITY = YES;
				GCC_C_LANGUAGE_STANDARD = gnu11;
				GCC_DYNAMIC_NO_PIC = NO;
				GCC_NO_COMMON_BLOCKS = YES;
				GCC_OPTIMIZATION_LEVEL = 0;
				GCC_PREPROCESSOR_DEFINITIONS = (
					"DEBUG=1",
					"$(inherited)",
				);
				GCC_WARN_64_TO_32_BIT_CONVERSION = YES;
				GCC_WARN_ABOUT_RETURN_TYPE = YES_ERROR;
				GCC_WARN_UNDECLARED_SELECTOR = YES;
				GCC_WARN_UNINITIALIZED_AUTOS = YES_AGGRESSIVE;
				GCC_WARN_UNUSED_FUNCTION = YES;
				GCC_WARN_UNUSED_VARIABLE = YES;
				IPHONEOS_DEPLOYMENT_TARGET = 16.2;
				MTL_ENABLE_DEBUG_INFO = INCLUDE_SOURCE;
				MTL_FAST_MATH = YES;
				ONLY_ACTIVE_ARCH = YES;
				SDKROOT = iphoneos;
				SWIFT_ACTIVE_COMPILATION_CONDITIONS = DEBUG;
				SWIFT_OPTIMIZATION_LEVEL = "-Onone";
			};
			name = Debug;
		};
		801DB2E72B2A11B10089EF5E /* Release */ = {
			isa = XCBuildConfiguration;
			buildSettings = {
				ALWAYS_SEARCH_USER_PATHS = NO;
				CLANG_ANALYZER_NONNULL = YES;
				CLANG_ANALYZER_NUMBER_OBJECT_CONVERSION = YES_AGGRESSIVE;
				CLANG_CXX_LANGUAGE_STANDARD = "gnu++20";
				CLANG_ENABLE_MODULES = YES;
				CLANG_ENABLE_OBJC_ARC = YES;
				CLANG_ENABLE_OBJC_WEAK = YES;
				CLANG_WARN_BLOCK_CAPTURE_AUTORELEASING = YES;
				CLANG_WARN_BOOL_CONVERSION = YES;
				CLANG_WARN_COMMA = YES;
				CLANG_WARN_CONSTANT_CONVERSION = YES;
				CLANG_WARN_DEPRECATED_OBJC_IMPLEMENTATIONS = YES;
				CLANG_WARN_DIRECT_OBJC_ISA_USAGE = YES_ERROR;
				CLANG_WARN_DOCUMENTATION_COMMENTS = YES;
				CLANG_WARN_EMPTY_BODY = YES;
				CLANG_WARN_ENUM_CONVERSION = YES;
				CLANG_WARN_INFINITE_RECURSION = YES;
				CLANG_WARN_INT_CONVERSION = YES;
				CLANG_WARN_NON_LITERAL_NULL_CONVERSION = YES;
				CLANG_WARN_OBJC_IMPLICIT_RETAIN_SELF = YES;
				CLANG_WARN_OBJC_LITERAL_CONVERSION = YES;
				CLANG_WARN_OBJC_ROOT_CLASS = YES_ERROR;
				CLANG_WARN_QUOTED_INCLUDE_IN_FRAMEWORK_HEADER = YES;
				CLANG_WARN_RANGE_LOOP_ANALYSIS = YES;
				CLANG_WARN_STRICT_PROTOTYPES = YES;
				CLANG_WARN_SUSPICIOUS_MOVE = YES;
				CLANG_WARN_UNGUARDED_AVAILABILITY = YES_AGGRESSIVE;
				CLANG_WARN_UNREACHABLE_CODE = YES;
				CLANG_WARN__DUPLICATE_METHOD_MATCH = YES;
				COPY_PHASE_STRIP = NO;
				DEBUG_INFORMATION_FORMAT = "dwarf-with-dsym";
				ENABLE_NS_ASSERTIONS = NO;
				ENABLE_STRICT_OBJC_MSGSEND = YES;
				GCC_C_LANGUAGE_STANDARD = gnu11;
				GCC_NO_COMMON_BLOCKS = YES;
				GCC_WARN_64_TO_32_BIT_CONVERSION = YES;
				GCC_WARN_ABOUT_RETURN_TYPE = YES_ERROR;
				GCC_WARN_UNDECLARED_SELECTOR = YES;
				GCC_WARN_UNINITIALIZED_AUTOS = YES_AGGRESSIVE;
				GCC_WARN_UNUSED_FUNCTION = YES;
				GCC_WARN_UNUSED_VARIABLE = YES;
				IPHONEOS_DEPLOYMENT_TARGET = 16.2;
				MTL_ENABLE_DEBUG_INFO = NO;
				MTL_FAST_MATH = YES;
				SDKROOT = iphoneos;
				SWIFT_COMPILATION_MODE = wholemodule;
				SWIFT_OPTIMIZATION_LEVEL = "-O";
				VALIDATE_PRODUCT = YES;
			};
			name = Release;
		};
		801DB2E92B2A11B10089EF5E /* Debug */ = {
			isa = XCBuildConfiguration;
			buildSettings = {
				ASSETCATALOG_COMPILER_APPICON_NAME = AppIcon;
				ASSETCATALOG_COMPILER_GLOBAL_ACCENT_COLOR_NAME = AccentColor;
				CODE_SIGN_STYLE = Automatic;
				CURRENT_PROJECT_VERSION = 1;
				DEVELOPMENT_ASSET_PATHS = "";
				DEVELOPMENT_TEAM = C7DCP8H54H;
				ENABLE_PREVIEWS = YES;
				GENERATE_INFOPLIST_FILE = YES;
				INFOPLIST_KEY_UIApplicationSceneManifest_Generation = YES;
				INFOPLIST_KEY_UIApplicationSupportsIndirectInputEvents = YES;
				INFOPLIST_KEY_UILaunchScreen_Generation = YES;
				INFOPLIST_KEY_UISupportedInterfaceOrientations_iPad = "UIInterfaceOrientationPortrait UIInterfaceOrientationPortraitUpsideDown UIInterfaceOrientationLandscapeLeft UIInterfaceOrientationLandscapeRight";
				INFOPLIST_KEY_UISupportedInterfaceOrientations_iPhone = "UIInterfaceOrientationPortrait UIInterfaceOrientationLandscapeLeft UIInterfaceOrientationLandscapeRight";
				LD_RUNPATH_SEARCH_PATHS = (
					"$(inherited)",
					"@executable_path/Frameworks",
				);
				MARKETING_VERSION = 1.0;
				PRODUCT_BUNDLE_IDENTIFIER = dev.tayson.Stan;
				PRODUCT_NAME = "$(TARGET_NAME)";
				SWIFT_EMIT_LOC_STRINGS = YES;
				SWIFT_VERSION = 5.0;
				TARGETED_DEVICE_FAMILY = "1,2";
			};
			name = Debug;
		};
		801DB2EA2B2A11B10089EF5E /* Release */ = {
			isa = XCBuildConfiguration;
			buildSettings = {
				ASSETCATALOG_COMPILER_APPICON_NAME = AppIcon;
				ASSETCATALOG_COMPILER_GLOBAL_ACCENT_COLOR_NAME = AccentColor;
				CODE_SIGN_STYLE = Automatic;
				CURRENT_PROJECT_VERSION = 1;
				DEVELOPMENT_ASSET_PATHS = "";
				DEVELOPMENT_TEAM = C7DCP8H54H;
				ENABLE_PREVIEWS = YES;
				GENERATE_INFOPLIST_FILE = YES;
				INFOPLIST_KEY_UIApplicationSceneManifest_Generation = YES;
				INFOPLIST_KEY_UIApplicationSupportsIndirectInputEvents = YES;
				INFOPLIST_KEY_UILaunchScreen_Generation = YES;
				INFOPLIST_KEY_UISupportedInterfaceOrientations_iPad = "UIInterfaceOrientationPortrait UIInterfaceOrientationPortraitUpsideDown UIInterfaceOrientationLandscapeLeft UIInterfaceOrientationLandscapeRight";
				INFOPLIST_KEY_UISupportedInterfaceOrientations_iPhone = "UIInterfaceOrientationPortrait UIInterfaceOrientationLandscapeLeft UIInterfaceOrientationLandscapeRight";
				LD_RUNPATH_SEARCH_PATHS = (
					"$(inherited)",
					"@executable_path/Frameworks",
				);
				MARKETING_VERSION = 1.0;
				PRODUCT_BUNDLE_IDENTIFIER = dev.tayson.Stan;
				PRODUCT_NAME = "$(TARGET_NAME)";
				SWIFT_EMIT_LOC_STRINGS = YES;
				SWIFT_VERSION = 5.0;
				TARGETED_DEVICE_FAMILY = "1,2";
			};
			name = Release;
		};
		801DB2EC2B2A11B10089EF5E /* Debug */ = {
			isa = XCBuildConfiguration;
			buildSettings = {
				ALWAYS_EMBED_SWIFT_STANDARD_LIBRARIES = YES;
				BUNDLE_LOADER = "$(TEST_HOST)";
				CODE_SIGN_STYLE = Automatic;
				CURRENT_PROJECT_VERSION = 1;
				DEVELOPMENT_TEAM = C7DCP8H54H;
				GENERATE_INFOPLIST_FILE = YES;
				IPHONEOS_DEPLOYMENT_TARGET = 16.2;
				MARKETING_VERSION = 1.0;
				PRODUCT_BUNDLE_IDENTIFIER = dev.tayson.StanTests;
				PRODUCT_NAME = "$(TARGET_NAME)";
				SWIFT_EMIT_LOC_STRINGS = NO;
				SWIFT_VERSION = 5.0;
				TARGETED_DEVICE_FAMILY = "1,2";
				TEST_HOST = "$(BUILT_PRODUCTS_DIR)/Stan.app/$(BUNDLE_EXECUTABLE_FOLDER_PATH)/Stan";
			};
			name = Debug;
		};
		801DB2ED2B2A11B10089EF5E /* Release */ = {
			isa = XCBuildConfiguration;
			buildSettings = {
				ALWAYS_EMBED_SWIFT_STANDARD_LIBRARIES = YES;
				BUNDLE_LOADER = "$(TEST_HOST)";
				CODE_SIGN_STYLE = Automatic;
				CURRENT_PROJECT_VERSION = 1;
				DEVELOPMENT_TEAM = C7DCP8H54H;
				GENERATE_INFOPLIST_FILE = YES;
				IPHONEOS_DEPLOYMENT_TARGET = 16.2;
				MARKETING_VERSION = 1.0;
				PRODUCT_BUNDLE_IDENTIFIER = dev.tayson.StanTests;
				PRODUCT_NAME = "$(TARGET_NAME)";
				SWIFT_EMIT_LOC_STRINGS = NO;
				SWIFT_VERSION = 5.0;
				TARGETED_DEVICE_FAMILY = "1,2";
				TEST_HOST = "$(BUILT_PRODUCTS_DIR)/Stan.app/$(BUNDLE_EXECUTABLE_FOLDER_PATH)/Stan";
			};
			name = Release;
		};
		801DB2EF2B2A11B10089EF5E /* Debug */ = {
			isa = XCBuildConfiguration;
			buildSettings = {
				ALWAYS_EMBED_SWIFT_STANDARD_LIBRARIES = YES;
				CODE_SIGN_STYLE = Automatic;
				CURRENT_PROJECT_VERSION = 1;
				DEVELOPMENT_TEAM = C7DCP8H54H;
				GENERATE_INFOPLIST_FILE = YES;
				MARKETING_VERSION = 1.0;
				PRODUCT_BUNDLE_IDENTIFIER = dev.tayson.StanUITests;
				PRODUCT_NAME = "$(TARGET_NAME)";
				SWIFT_EMIT_LOC_STRINGS = NO;
				SWIFT_VERSION = 5.0;
				TARGETED_DEVICE_FAMILY = "1,2";
				TEST_TARGET_NAME = Stan;
			};
			name = Debug;
		};
		801DB2F02B2A11B10089EF5E /* Release */ = {
			isa = XCBuildConfiguration;
			buildSettings = {
				ALWAYS_EMBED_SWIFT_STANDARD_LIBRARIES = YES;
				CODE_SIGN_STYLE = Automatic;
				CURRENT_PROJECT_VERSION = 1;
				DEVELOPMENT_TEAM = C7DCP8H54H;
				GENERATE_INFOPLIST_FILE = YES;
				MARKETING_VERSION = 1.0;
				PRODUCT_BUNDLE_IDENTIFIER = dev.tayson.StanUITests;
				PRODUCT_NAME = "$(TARGET_NAME)";
				SWIFT_EMIT_LOC_STRINGS = NO;
				SWIFT_VERSION = 5.0;
				TARGETED_DEVICE_FAMILY = "1,2";
				TEST_TARGET_NAME = Stan;
			};
			name = Release;
		};
/* End XCBuildConfiguration section */

/* Begin XCConfigurationList section */
		801DB2BA2B2A11AC0089EF5E /* Build configuration list for PBXProject "Stan" */ = {
			isa = XCConfigurationList;
			buildConfigurations = (
				801DB2E62B2A11B10089EF5E /* Debug */,
				801DB2E72B2A11B10089EF5E /* Release */,
			);
			defaultConfigurationIsVisible = 0;
			defaultConfigurationName = Release;
		};
		801DB2E82B2A11B10089EF5E /* Build configuration list for PBXNativeTarget "Stan" */ = {
			isa = XCConfigurationList;
			buildConfigurations = (
				801DB2E92B2A11B10089EF5E /* Debug */,
				801DB2EA2B2A11B10089EF5E /* Release */,
			);
			defaultConfigurationIsVisible = 0;
			defaultConfigurationName = Release;
		};
		801DB2EB2B2A11B10089EF5E /* Build configuration list for PBXNativeTarget "StanTests" */ = {
			isa = XCConfigurationList;
			buildConfigurations = (
				801DB2EC2B2A11B10089EF5E /* Debug */,
				801DB2ED2B2A11B10089EF5E /* Release */,
			);
			defaultConfigurationIsVisible = 0;
			defaultConfigurationName = Release;
		};
		801DB2EE2B2A11B10089EF5E /* Build configuration list for PBXNativeTarget "StanUITests" */ = {
			isa = XCConfigurationList;
			buildConfigurations = (
				801DB2EF2B2A11B10089EF5E /* Debug */,
				801DB2F02B2A11B10089EF5E /* Release */,
			);
			defaultConfigurationIsVisible = 0;
			defaultConfigurationName = Release;
		};
/* End XCConfigurationList section */

/* Begin XCVersionGroup section */
		801DB2CD2B2A11B10089EF5E /* Stan.xcdatamodeld */ = {
			isa = XCVersionGroup;
			children = (
				801DB2CE2B2A11B10089EF5E /* Stan.xcdatamodel */,
			);
			currentVersion = 801DB2CE2B2A11B10089EF5E /* Stan.xcdatamodel */;
			path = Stan.xcdatamodeld;
			sourceTree = "<group>";
			versionGroupType = wrapper.xcdatamodel;
		};
/* End XCVersionGroup section */
	};
	rootObject = 801DB2B72B2A11AC0089EF5E /* Project object */;
}
